
Microsoft Visual Studio Solution File, Format Version 12.00
# Visual Studio Version 16
VisualStudioVersion = 16.0.29613.14
MinimumVisualStudioVersion = 10.0.40219.1
Project("{FAE04EC0-301F-11D3-BF4B-00C04F79EFBC}") = "HiSuite Proxy", "HiSuite Proxy\HiSuite Proxy.csproj", "{3B03693E-0442-453E-8578-DF7D442D246E}"
EndProject
Global
	GlobalSection(SolutionConfigurationPlatforms) = preSolution
		Debug|Any CPU = Debug|Any CPU
		Release|Any CPU = Release|Any CPU
	EndGlobalSection
	GlobalSection(ProjectConfigurationPlatforms) = postSolution
		{3B03693E-0442-453E-8578-DF7D442D246E}.Debug|Any CPU.ActiveCfg = Debug|Any CPU
		{3B03693E-0442-453E-8578-DF7D442D246E}.Debug|Any CPU.Build.0 = Debug|Any CPU
		{3B03693E-0442-453E-8578-DF7D442D246E}.Release|Any CPU.ActiveCfg = Release|Any CPU
		{3B03693E-0442-453E-8578-DF7D442D246E}.Release|Any CPU.Build.0 = Release|Any CPU
	EndGlobalSection
	GlobalSection(SolutionProperties) = preSolution
		HideSolutionNode = FALSE
	EndGlobalSection
	GlobalSection(ExtensibilityGlobals) = postSolution
		SolutionGuid = {7FA52FE9-AA6D-492D-A7C2-6DF539AC0925}
	EndGlobalSection
EndGlobal
